
Microsoft Visual Studio Solution File, Format Version 12.00
# Visual Studio Version 17
VisualStudioVersion = 17.12.35527.113 d17.12
MinimumVisualStudioVersion = 10.0.40219.1
Project("{FAE04EC0-301F-11D3-BF4B-00C04F79EFBC}") = "Athena", "Athena\Athena.csproj", "{EE35658B-FDFE-4C64-922C-A61B2F50B5A2}"
EndProject
Project("{FAE04EC0-301F-11D3-BF4B-00C04F79EFBC}") = "CUE4Parse", "CUE4Parse\CUE4Parse\CUE4Parse.csproj", "{7E119EE9-527A-4BC5-B510-C8B8DD6935DA}"
EndProject
Project("{FAE04EC0-301F-11D3-BF4B-00C04F79EFBC}") = "CUE4Parse-Conversion", "CUE4Parse\CUE4Parse-Conversion\CUE4Parse-Conversion.csproj", "{608AD7A5-E77A-4433-804F-26FB9539BA97}"
EndProject
Project("{FAE04EC0-301F-11D3-BF4B-00C04F79EFBC}") = "EpicManifestParser", "EpicManifestParser\src\EpicManifestParser\EpicManifestParser.csproj", "{AF75D722-D943-480F-86E4-0689EA7323E9}"
EndProject
Global
	GlobalSection(SolutionConfigurationPlatforms) = preSolution
		Debug|Any CPU = Debug|Any CPU
		Release|Any CPU = Release|Any CPU
	EndGlobalSection
	GlobalSection(ProjectConfigurationPlatforms) = postSolution
		{EE35658B-FDFE-4C64-922C-A61B2F50B5A2}.Debug|Any CPU.ActiveCfg = Debug|Any CPU
		{EE35658B-FDFE-4C64-922C-A61B2F50B5A2}.Debug|Any CPU.Build.0 = Debug|Any CPU
		{EE35658B-FDFE-4C64-922C-A61B2F50B5A2}.Release|Any CPU.ActiveCfg = Release|Any CPU
		{EE35658B-FDFE-4C64-922C-A61B2F50B5A2}.Release|Any CPU.Build.0 = Release|Any CPU
		{7E119EE9-527A-4BC5-B510-C8B8DD6935DA}.Debug|Any CPU.ActiveCfg = Debug|Any CPU
		{7E119EE9-527A-4BC5-B510-C8B8DD6935DA}.Debug|Any CPU.Build.0 = Debug|Any CPU
		{7E119EE9-527A-4BC5-B510-C8B8DD6935DA}.Release|Any CPU.ActiveCfg = Release|Any CPU
		{7E119EE9-527A-4BC5-B510-C8B8DD6935DA}.Release|Any CPU.Build.0 = Release|Any CPU
		{608AD7A5-E77A-4433-804F-26FB9539BA97}.Debug|Any CPU.ActiveCfg = Debug|Any CPU
		{608AD7A5-E77A-4433-804F-26FB9539BA97}.Debug|Any CPU.Build.0 = Debug|Any CPU
		{608AD7A5-E77A-4433-804F-26FB9539BA97}.Release|Any CPU.ActiveCfg = Release|Any CPU
		{608AD7A5-E77A-4433-804F-26FB9539BA97}.Release|Any CPU.Build.0 = Release|Any CPU
		{AF75D722-D943-480F-86E4-0689EA7323E9}.Debug|Any CPU.ActiveCfg = Debug|Any CPU
		{AF75D722-D943-480F-86E4-0689EA7323E9}.Debug|Any CPU.Build.0 = Debug|Any CPU
		{AF75D722-D943-480F-86E4-0689EA7323E9}.Release|Any CPU.ActiveCfg = Release|Any CPU
		{AF75D722-D943-480F-86E4-0689EA7323E9}.Release|Any CPU.Build.0 = Release|Any CPU
	EndGlobalSection
	GlobalSection(SolutionProperties) = preSolution
		HideSolutionNode = FALSE
	EndGlobalSection
EndGlobal
